// !$*UTF8*$!
{
	archiveVersion = 1;
	classes = {
	};
	objectVersion = 46;
	objects = {

/* Begin PBXBuildFile section */
		2856B7691DB16F56001816F5 /* Networking.framework in Frameworks */ = {isa = PBXBuildFile; fileRef = 2856B75F1DB16F56001816F5 /* Networking.framework */; };
		2856B76E1DB16F56001816F5 /* NetworkingTests.swift in Sources */ = {isa = PBXBuildFile; fileRef = 2856B76D1DB16F56001816F5 /* NetworkingTests.swift */; };
		2856B7701DB16F56001816F5 /* Networking.h in Headers */ = {isa = PBXBuildFile; fileRef = 2856B7621DB16F56001816F5 /* Networking.h */; settings = {ATTRIBUTES = (Public, ); }; };
		2856B77E1DB16FC6001816F5 /* Profile.swift in Sources */ = {isa = PBXBuildFile; fileRef = 2856B77D1DB16FC6001816F5 /* Profile.swift */; };
		2856B7801DB16FD8001816F5 /* Request.swift in Sources */ = {isa = PBXBuildFile; fileRef = 2856B77F1DB16FD8001816F5 /* Request.swift */; };
		2856B7821DB16FDF001816F5 /* ProfileRequest.swift in Sources */ = {isa = PBXBuildFile; fileRef = 2856B7811DB16FDF001816F5 /* ProfileRequest.swift */; };
		2856B7841DB16FE9001816F5 /* Unbox.swift in Sources */ = {isa = PBXBuildFile; fileRef = 2856B7831DB16FE9001816F5 /* Unbox.swift */; };
/* End PBXBuildFile section */

/* Begin PBXContainerItemProxy section */
		2856B76A1DB16F56001816F5 /* PBXContainerItemProxy */ = {
			isa = PBXContainerItemProxy;
			containerPortal = 2856B7561DB16F56001816F5 /* Project object */;
			proxyType = 1;
			remoteGlobalIDString = 2856B75E1DB16F56001816F5;
			remoteInfo = Networking;
		};
/* End PBXContainerItemProxy section */

/* Begin PBXFileReference section */
		2856B75F1DB16F56001816F5 /* Networking.framework */ = {isa = PBXFileReference; explicitFileType = wrapper.framework; includeInIndex = 0; path = Networking.framework; sourceTree = BUILT_PRODUCTS_DIR; };
		2856B7621DB16F56001816F5 /* Networking.h */ = {isa = PBXFileReference; lastKnownFileType = sourcecode.c.h; path = Networking.h; sourceTree = "<group>"; };
		2856B7631DB16F56001816F5 /* Info.plist */ = {isa = PBXFileReference; lastKnownFileType = text.plist.xml; path = Info.plist; sourceTree = "<group>"; };
		2856B7681DB16F56001816F5 /* NetworkingTests.xctest */ = {isa = PBXFileReference; explicitFileType = wrapper.cfbundle; includeInIndex = 0; path = NetworkingTests.xctest; sourceTree = BUILT_PRODUCTS_DIR; };
		2856B76D1DB16F56001816F5 /* NetworkingTests.swift */ = {isa = PBXFileReference; lastKnownFileType = sourcecode.swift; path = NetworkingTests.swift; sourceTree = "<group>"; };
		2856B76F1DB16F56001816F5 /* Info.plist */ = {isa = PBXFileReference; lastKnownFileType = text.plist.xml; path = Info.plist; sourceTree = "<group>"; };
		2856B77D1DB16FC6001816F5 /* Profile.swift */ = {isa = PBXFileReference; fileEncoding = 4; lastKnownFileType = sourcecode.swift; path = Profile.swift; sourceTree = "<group>"; };
		2856B77F1DB16FD8001816F5 /* Request.swift */ = {isa = PBXFileReference; fileEncoding = 4; lastKnownFileType = sourcecode.swift; path = Request.swift; sourceTree = "<group>"; };
		2856B7811DB16FDF001816F5 /* ProfileRequest.swift */ = {isa = PBXFileReference; fileEncoding = 4; lastKnownFileType = sourcecode.swift; path = ProfileRequest.swift; sourceTree = "<group>"; };
		2856B7831DB16FE9001816F5 /* Unbox.swift */ = {isa = PBXFileReference; fileEncoding = 4; lastKnownFileType = sourcecode.swift; path = Unbox.swift; sourceTree = "<group>"; };
/* End PBXFileReference section */

/* Begin PBXFrameworksBuildPhase section */
		2856B75B1DB16F56001816F5 /* Frameworks */ = {
			isa = PBXFrameworksBuildPhase;
			buildActionMask = 2147483647;
			files = (
			);
			runOnlyForDeploymentPostprocessing = 0;
		};
		2856B7651DB16F56001816F5 /* Frameworks */ = {
			isa = PBXFrameworksBuildPhase;
			buildActionMask = 2147483647;
			files = (
				2856B7691DB16F56001816F5 /* Networking.framework in Frameworks */,
			);
			runOnlyForDeploymentPostprocessing = 0;
		};
/* End PBXFrameworksBuildPhase section */

/* Begin PBXGroup section */
		2856B7551DB16F56001816F5 = {
			isa = PBXGroup;
			children = (
				2856B7611DB16F56001816F5 /* Networking */,
				2856B76C1DB16F56001816F5 /* NetworkingTests */,
				2856B7601DB16F56001816F5 /* Products */,
			);
			sourceTree = "<group>";
		};
		2856B7601DB16F56001816F5 /* Products */ = {
			isa = PBXGroup;
			children = (
				2856B75F1DB16F56001816F5 /* Networking.framework */,
				2856B7681DB16F56001816F5 /* NetworkingTests.xctest */,
			);
			name = Products;
			sourceTree = "<group>";
		};
		2856B7611DB16F56001816F5 /* Networking */ = {
			isa = PBXGroup;
			children = (
				2856B77C1DB16FB6001816F5 /* Unbox */,
				2856B77B1DB16F99001816F5 /* Protocol */,
				2856B77A1DB16F90001816F5 /* Requests */,
				2856B7791DB16F8A001816F5 /* Models */,
				2856B7621DB16F56001816F5 /* Networking.h */,
				2856B7631DB16F56001816F5 /* Info.plist */,
			);
			path = Networking;
			sourceTree = "<group>";
		};
		2856B76C1DB16F56001816F5 /* NetworkingTests */ = {
			isa = PBXGroup;
			children = (
				2856B76D1DB16F56001816F5 /* NetworkingTests.swift */,
				2856B76F1DB16F56001816F5 /* Info.plist */,
			);
			path = NetworkingTests;
			sourceTree = "<group>";
		};
		2856B7791DB16F8A001816F5 /* Models */ = {
			isa = PBXGroup;
			children = (
				2856B77D1DB16FC6001816F5 /* Profile.swift */,
			);
			name = Models;
			sourceTree = "<group>";
		};
		2856B77A1DB16F90001816F5 /* Requests */ = {
			isa = PBXGroup;
			children = (
				2856B7811DB16FDF001816F5 /* ProfileRequest.swift */,
			);
			name = Requests;
			sourceTree = "<group>";
		};
		2856B77B1DB16F99001816F5 /* Protocol */ = {
			isa = PBXGroup;
			children = (
				2856B77F1DB16FD8001816F5 /* Request.swift */,
			);
			name = Protocol;
			sourceTree = "<group>";
		};
		2856B77C1DB16FB6001816F5 /* Unbox */ = {
			isa = PBXGroup;
			children = (
				2856B7831DB16FE9001816F5 /* Unbox.swift */,
			);
			name = Unbox;
			sourceTree = "<group>";
		};
/* End PBXGroup section */

/* Begin PBXHeadersBuildPhase section */
		2856B75C1DB16F56001816F5 /* Headers */ = {
			isa = PBXHeadersBuildPhase;
			buildActionMask = 2147483647;
			files = (
				2856B7701DB16F56001816F5 /* Networking.h in Headers */,
			);
			runOnlyForDeploymentPostprocessing = 0;
		};
/* End PBXHeadersBuildPhase section */

/* Begin PBXNativeTarget section */
		2856B75E1DB16F56001816F5 /* Networking */ = {
			isa = PBXNativeTarget;
			buildConfigurationList = 2856B7731DB16F56001816F5 /* Build configuration list for PBXNativeTarget "Networking" */;
			buildPhases = (
				2856B75A1DB16F56001816F5 /* Sources */,
				2856B75B1DB16F56001816F5 /* Frameworks */,
				2856B75C1DB16F56001816F5 /* Headers */,
				2856B75D1DB16F56001816F5 /* Resources */,
			);
			buildRules = (
			);
			dependencies = (
			);
			name = Networking;
			productName = Networking;
			productReference = 2856B75F1DB16F56001816F5 /* Networking.framework */;
			productType = "com.apple.product-type.framework";
		};
		2856B7671DB16F56001816F5 /* NetworkingTests */ = {
			isa = PBXNativeTarget;
			buildConfigurationList = 2856B7761DB16F56001816F5 /* Build configuration list for PBXNativeTarget "NetworkingTests" */;
			buildPhases = (
				2856B7641DB16F56001816F5 /* Sources */,
				2856B7651DB16F56001816F5 /* Frameworks */,
				2856B7661DB16F56001816F5 /* Resources */,
			);
			buildRules = (
			);
			dependencies = (
				2856B76B1DB16F56001816F5 /* PBXTargetDependency */,
			);
			name = NetworkingTests;
			productName = NetworkingTests;
			productReference = 2856B7681DB16F56001816F5 /* NetworkingTests.xctest */;
			productType = "com.apple.product-type.bundle.unit-test";
		};
/* End PBXNativeTarget section */

/* Begin PBXProject section */
		2856B7561DB16F56001816F5 /* Project object */ = {
			isa = PBXProject;
			attributes = {
				LastSwiftUpdateCheck = 0800;
				LastUpgradeCheck = 0800;
				ORGANIZATIONNAME = Nan;
				TargetAttributes = {
					2856B75E1DB16F56001816F5 = {
						CreatedOnToolsVersion = 8.0;
						LastSwiftMigration = 0800;
						ProvisioningStyle = Automatic;
					};
					2856B7671DB16F56001816F5 = {
						CreatedOnToolsVersion = 8.0;
						ProvisioningStyle = Automatic;
					};
				};
			};
			buildConfigurationList = 2856B7591DB16F56001816F5 /* Build configuration list for PBXProject "Networking" */;
			compatibilityVersion = "Xcode 3.2";
			developmentRegion = English;
			hasScannedForEncodings = 0;
			knownRegions = (
				en,
			);
			mainGroup = 2856B7551DB16F56001816F5;
			productRefGroup = 2856B7601DB16F56001816F5 /* Products */;
			projectDirPath = "";
			projectRoot = "";
			targets = (
				2856B75E1DB16F56001816F5 /* Networking */,
				2856B7671DB16F56001816F5 /* NetworkingTests */,
			);
		};
/* End PBXProject section */

/* Begin PBXResourcesBuildPhase section */
		2856B75D1DB16F56001816F5 /* Resources */ = {
			isa = PBXResourcesBuildPhase;
			buildActionMask = 2147483647;
			files = (
			);
			runOnlyForDeploymentPostprocessing = 0;
		};
		2856B7661DB16F56001816F5 /* Resources */ = {
			isa = PBXResourcesBuildPhase;
			buildActionMask = 2147483647;
			files = (
			);
			runOnlyForDeploymentPostprocessing = 0;
		};
/* End PBXResourcesBuildPhase section */

/* Begin PBXSourcesBuildPhase section */
		2856B75A1DB16F56001816F5 /* Sources */ = {
			isa = PBXSourcesBuildPhase;
			buildActionMask = 2147483647;
			files = (
				2856B77E1DB16FC6001816F5 /* Profile.swift in Sources */,
				2856B7801DB16FD8001816F5 /* Request.swift in Sources */,
				2856B7841DB16FE9001816F5 /* Unbox.swift in Sources */,
				2856B7821DB16FDF001816F5 /* ProfileRequest.swift in Sources */,
			);
			runOnlyForDeploymentPostprocessing = 0;
		};
		2856B7641DB16F56001816F5 /* Sources */ = {
			isa = PBXSourcesBuildPhase;
			buildActionMask = 2147483647;
			files = (
				2856B76E1DB16F56001816F5 /* NetworkingTests.swift in Sources */,
			);
			runOnlyForDeploymentPostprocessing = 0;
		};
/* End PBXSourcesBuildPhase section */

/* Begin PBXTargetDependency section */
		2856B76B1DB16F56001816F5 /* PBXTargetDependency */ = {
			isa = PBXTargetDependency;
			target = 2856B75E1DB16F56001816F5 /* Networking */;
			targetProxy = 2856B76A1DB16F56001816F5 /* PBXContainerItemProxy */;
		};
/* End PBXTargetDependency section */

/* Begin XCBuildConfiguration section */
		2856B7711DB16F56001816F5 /* Debug */ = {
			isa = XCBuildConfiguration;
			buildSettings = {
				ALWAYS_SEARCH_USER_PATHS = NO;
				CLANG_ANALYZER_NONNULL = YES;
				CLANG_CXX_LANGUAGE_STANDARD = "gnu++0x";
				CLANG_CXX_LIBRARY = "libc++";
				CLANG_ENABLE_MODULES = YES;
				CLANG_ENABLE_OBJC_ARC = YES;
				CLANG_WARN_BOOL_CONVERSION = YES;
				CLANG_WARN_CONSTANT_CONVERSION = YES;
				CLANG_WARN_DIRECT_OBJC_ISA_USAGE = YES_ERROR;
				CLANG_WARN_DOCUMENTATION_COMMENTS = YES;
				CLANG_WARN_EMPTY_BODY = YES;
				CLANG_WARN_ENUM_CONVERSION = YES;
				CLANG_WARN_INFINITE_RECURSION = YES;
				CLANG_WARN_INT_CONVERSION = YES;
				CLANG_WARN_OBJC_ROOT_CLASS = YES_ERROR;
				CLANG_WARN_SUSPICIOUS_MOVES = YES;
				CLANG_WARN_UNREACHABLE_CODE = YES;
				CLANG_WARN__DUPLICATE_METHOD_MATCH = YES;
				"CODE_SIGN_IDENTITY[sdk=iphoneos*]" = "iPhone Developer";
				COPY_PHASE_STRIP = NO;
				CURRENT_PROJECT_VERSION = 1;
				DEBUG_INFORMATION_FORMAT = dwarf;
				ENABLE_STRICT_OBJC_MSGSEND = YES;
				ENABLE_TESTABILITY = YES;
				GCC_C_LANGUAGE_STANDARD = gnu99;
				GCC_DYNAMIC_NO_PIC = NO;
				GCC_NO_COMMON_BLOCKS = YES;
				GCC_OPTIMIZATION_LEVEL = 0;
				GCC_PREPROCESSOR_DEFINITIONS = (
					"DEBUG=1",
					"$(inherited)",
				);
				GCC_WARN_64_TO_32_BIT_CONVERSION = YES;
				GCC_WARN_ABOUT_RETURN_TYPE = YES_ERROR;
				GCC_WARN_UNDECLARED_SELECTOR = YES;
				GCC_WARN_UNINITIALIZED_AUTOS = YES_AGGRESSIVE;
				GCC_WARN_UNUSED_FUNCTION = YES;
				GCC_WARN_UNUSED_VARIABLE = YES;
				IPHONEOS_DEPLOYMENT_TARGET = 10.0;
				MTL_ENABLE_DEBUG_INFO = YES;
				ONLY_ACTIVE_ARCH = YES;
				SDKROOT = iphoneos;
				SWIFT_ACTIVE_COMPILATION_CONDITIONS = DEBUG;
				SWIFT_OPTIMIZATION_LEVEL = "-Onone";
				TARGETED_DEVICE_FAMILY = "1,2";
				VERSIONING_SYSTEM = "apple-generic";
				VERSION_INFO_PREFIX = "";
			};
			name = Debug;
		};
		2856B7721DB16F56001816F5 /* Release */ = {
			isa = XCBuildConfiguration;
			buildSettings = {
				ALWAYS_SEARCH_USER_PATHS = NO;
				CLANG_ANALYZER_NONNULL = YES;
				CLANG_CXX_LANGUAGE_STANDARD = "gnu++0x";
				CLANG_CXX_LIBRARY = "libc++";
				CLANG_ENABLE_MODULES = YES;
				CLANG_ENABLE_OBJC_ARC = YES;
				CLANG_WARN_BOOL_CONVERSION = YES;
				CLANG_WARN_CONSTANT_CONVERSION = YES;
				CLANG_WARN_DIRECT_OBJC_ISA_USAGE = YES_ERROR;
				CLANG_WARN_DOCUMENTATION_COMMENTS = YES;
				CLANG_WARN_EMPTY_BODY = YES;
				CLANG_WARN_ENUM_CONVERSION = YES;
				CLANG_WARN_INFINITE_RECURSION = YES;
				CLANG_WARN_INT_CONVERSION = YES;
				CLANG_WARN_OBJC_ROOT_CLASS = YES_ERROR;
				CLANG_WARN_SUSPICIOUS_MOVES = YES;
				CLANG_WARN_UNREACHABLE_CODE = YES;
				CLANG_WARN__DUPLICATE_METHOD_MATCH = YES;
				"CODE_SIGN_IDENTITY[sdk=iphoneos*]" = "iPhone Developer";
				COPY_PHASE_STRIP = NO;
				CURRENT_PROJECT_VERSION = 1;
				DEBUG_INFORMATION_FORMAT = "dwarf-with-dsym";
				ENABLE_NS_ASSERTIONS = NO;
				ENABLE_STRICT_OBJC_MSGSEND = YES;
				GCC_C_LANGUAGE_STANDARD = gnu99;
				GCC_NO_COMMON_BLOCKS = YES;
				GCC_WARN_64_TO_32_BIT_CONVERSION = YES;
				GCC_WARN_ABOUT_RETURN_TYPE = YES_ERROR;
				GCC_WARN_UNDECLARED_SELECTOR = YES;
				GCC_WARN_UNINITIALIZED_AUTOS = YES_AGGRESSIVE;
				GCC_WARN_UNUSED_FUNCTION = YES;
				GCC_WARN_UNUSED_VARIABLE = YES;
				IPHONEOS_DEPLOYMENT_TARGET = 10.0;
				MTL_ENABLE_DEBUG_INFO = NO;
				SDKROOT = iphoneos;
				SWIFT_OPTIMIZATION_LEVEL = "-Owholemodule";
				TARGETED_DEVICE_FAMILY = "1,2";
				VALIDATE_PRODUCT = YES;
				VERSIONING_SYSTEM = "apple-generic";
				VERSION_INFO_PREFIX = "";
			};
			name = Release;
		};
		2856B7741DB16F56001816F5 /* Debug */ = {
			isa = XCBuildConfiguration;
			buildSettings = {
				CLANG_ENABLE_MODULES = YES;
				CODE_SIGN_IDENTITY = "";
				DEFINES_MODULE = YES;
				DYLIB_COMPATIBILITY_VERSION = 1;
				DYLIB_CURRENT_VERSION = 1;
				DYLIB_INSTALL_NAME_BASE = "@rpath";
				INFOPLIST_FILE = Networking/Info.plist;
				INSTALL_PATH = "$(LOCAL_LIBRARY_DIR)/Frameworks";
				LD_RUNPATH_SEARCH_PATHS = "$(inherited) @executable_path/Frameworks @loader_path/Frameworks";
				PRODUCT_BUNDLE_IDENTIFIER = com.nan.Networking;
				PRODUCT_NAME = "$(TARGET_NAME)";
				SKIP_INSTALL = YES;
				SWIFT_OPTIMIZATION_LEVEL = "-Onone";
				SWIFT_VERSION = 3.0;
			};
			name = Debug;
		};
		2856B7751DB16F56001816F5 /* Release */ = {
			isa = XCBuildConfiguration;
			buildSettings = {
				CLANG_ENABLE_MODULES = YES;
				CODE_SIGN_IDENTITY = "";
				DEFINES_MODULE = YES;
				DYLIB_COMPATIBILITY_VERSION = 1;
				DYLIB_CURRENT_VERSION = 1;
				DYLIB_INSTALL_NAME_BASE = "@rpath";
				INFOPLIST_FILE = Networking/Info.plist;
				INSTALL_PATH = "$(LOCAL_LIBRARY_DIR)/Frameworks";
				LD_RUNPATH_SEARCH_PATHS = "$(inherited) @executable_path/Frameworks @loader_path/Frameworks";
				PRODUCT_BUNDLE_IDENTIFIER = com.nan.Networking;
				PRODUCT_NAME = "$(TARGET_NAME)";
				SKIP_INSTALL = YES;
				SWIFT_VERSION = 3.0;
			};
			name = Release;
		};
		2856B7771DB16F56001816F5 /* Debug */ = {
			isa = XCBuildConfiguration;
			buildSettings = {
				ALWAYS_EMBED_SWIFT_STANDARD_LIBRARIES = YES;
				INFOPLIST_FILE = NetworkingTests/Info.plist;
				LD_RUNPATH_SEARCH_PATHS = "$(inherited) @executable_path/Frameworks @loader_path/Frameworks";
				PRODUCT_BUNDLE_IDENTIFIER = com.nan.NetworkingTests;
				PRODUCT_NAME = "$(TARGET_NAME)";
				SWIFT_VERSION = 3.0;
			};
			name = Debug;
		};
		2856B7781DB16F56001816F5 /* Release */ = {
			isa = XCBuildConfiguration;
			buildSettings = {
				ALWAYS_EMBED_SWIFT_STANDARD_LIBRARIES = YES;
				INFOPLIST_FILE = NetworkingTests/Info.plist;
				LD_RUNPATH_SEARCH_PATHS = "$(inherited) @executable_path/Frameworks @loader_path/Frameworks";
				PRODUCT_BUNDLE_IDENTIFIER = com.nan.NetworkingTests;
				PRODUCT_NAME = "$(TARGET_NAME)";
				SWIFT_VERSION = 3.0;
			};
			name = Release;
		};
/* End XCBuildConfiguration section */

/* Begin XCConfigurationList section */
		2856B7591DB16F56001816F5 /* Build configuration list for PBXProject "Networking" */ = {
			isa = XCConfigurationList;
			buildConfigurations = (
				2856B7711DB16F56001816F5 /* Debug */,
				2856B7721DB16F56001816F5 /* Release */,
			);
			defaultConfigurationIsVisible = 0;
			defaultConfigurationName = Release;
		};
		2856B7731DB16F56001816F5 /* Build configuration list for PBXNativeTarget "Networking" */ = {
			isa = XCConfigurationList;
			buildConfigurations = (
				2856B7741DB16F56001816F5 /* Debug */,
				2856B7751DB16F56001816F5 /* Release */,
			);
			defaultConfigurationIsVisible = 0;
		};
		2856B7761DB16F56001816F5 /* Build configuration list for PBXNativeTarget "NetworkingTests" */ = {
			isa = XCConfigurationList;
			buildConfigurations = (
				2856B7771DB16F56001816F5 /* Debug */,
				2856B7781DB16F56001816F5 /* Release */,
			);
			defaultConfigurationIsVisible = 0;
		};
/* End XCConfigurationList section */
	};
	rootObject = 2856B7561DB16F56001816F5 /* Project object */;
}
